// !$*UTF8*$!
{
	archiveVersion = 1;
	classes = {
	};
	objectVersion = 77;
	objects = {

/* Begin PBXBuildFile section */
		01FC1C9E0D6BA4FA7D8AB2C0 /* CodeBlockView.swift in Sources */ = {isa = PBXBuildFile; fileRef = 7EC8E12B877923F4BF571355 /* CodeBlockView.swift */; };
		0ABF64983250AE1E1AE20731 /* ChatTypes.swift in Sources */ = {isa = PBXBuildFile; fileRef = A606381AC681FDBC906A1194 /* ChatTypes.swift */; };
		0AFA67C30F02577AD0A9D193 /* brand_logo.svg in Resources */ = {isa = PBXBuildFile; fileRef = 141DEFEA139FB7E28950DE43 /* brand_logo.svg */; };
		0BEDB11B82815AFF9F660CE0 /* DiscoveredServer.swift in Sources */ = {isa = PBXBuildFile; fileRef = BA96E16B1B879B79CCA1B9FD /* DiscoveredServer.swift */; };
		0D03211E5B3AD90FAF3D09D9 /* MocodeApp.swift in Sources */ = {isa = PBXBuildFile; fileRef = CB76E962598A65833C60C656 /* MocodeApp.swift */; };
		0D15C34C303403FDD9674C2F /* Inject in Frameworks */ = {isa = PBXBuildFile; productRef = 40E28542C668A79FD577F4EE /* Inject */; };
		262FD98002C7F3F8E464A409 /* openai_logo.svg in Resources */ = {isa = PBXBuildFile; fileRef = 9A8AB8C417D832B55130C7F9 /* openai_logo.svg */; };
		28052F0B1B792FC90AB285CB /* OnDeviceCodexFeature.swift in Sources */ = {isa = PBXBuildFile; fileRef = 70E115C6BEF8EBB39E9EF2B8 /* OnDeviceCodexFeature.swift */; };
		28C996AE42E0BF9F827ABCFC /* HeaderView.swift in Sources */ = {isa = PBXBuildFile; fileRef = AC52033AED0370F1C94E2179 /* HeaderView.swift */; };
		295DE33FD5BCFDDEC0279754 /* ServerConnection.swift in Sources */ = {isa = PBXBuildFile; fileRef = 3362FD2593CFE037FFBBF041 /* ServerConnection.swift */; };
		2E8D1EAFEC87DC03C4533108 /* BrandLogo.swift in Sources */ = {isa = PBXBuildFile; fileRef = 46D18ACB2BF7793F7C6C49AE /* BrandLogo.swift */; };
		31BB3975B1D1BE717D72E417 /* Citadel in Frameworks */ = {isa = PBXBuildFile; productRef = EB28C8000DAA5D229763ED17 /* Citadel */; };
		4208084A55E0180027BB6229 /* ios_system.xcframework in Embed Frameworks */ = {isa = PBXBuildFile; fileRef = 6D710FE7F297DF95098054CD /* ios_system.xcframework */; settings = {ATTRIBUTES = (CodeSignOnCopy, RemoveHeadersOnCopy, ); }; };
		498C5D4C4A95655F4A74C10D /* MessageBubbleView.swift in Sources */ = {isa = PBXBuildFile; fileRef = 74E7853C22ED375B391BCCA9 /* MessageBubbleView.swift */; };
		4E960CE389734EDFF86FCC22 /* brand_logo.png in Resources */ = {isa = PBXBuildFile; fileRef = 189ACAABF3A8C9ED0A0A5C9E /* brand_logo.png */; };
		526334C2262390DFA3F774AD /* MarkdownUI in Frameworks */ = {isa = PBXBuildFile; productRef = EB198AEF413C559E4C63CCC7 /* MarkdownUI */; };
		5EA788D8B983F6AC22782322 /* McpServersView.swift in Sources */ = {isa = PBXBuildFile; fileRef = B6A949140CAF16FFEB9D07EF /* McpServersView.swift */; };
		61379AE672B9452001F1B274 /* NetworkDiscovery.swift in Sources */ = {isa = PBXBuildFile; fileRef = 6BD1A25E49C472B7DD198C8B /* NetworkDiscovery.swift */; };
		65A40DC9E590176533FFE302 /* SettingsView.swift in Sources */ = {isa = PBXBuildFile; fileRef = 01B8A81A083AE7AAA5B97923 /* SettingsView.swift */; };
		6D500E538489D85E175850AA /* AppIcon.icon in Resources */ = {isa = PBXBuildFile; fileRef = A4E4B6629D767023D419FB0B /* AppIcon.icon */; };
		6D8AD17A33E2C58EEC12BDBC /* JSONRPCClient.swift in Sources */ = {isa = PBXBuildFile; fileRef = D93591E4A1DEA8CAFDEC044F /* JSONRPCClient.swift */; };
		7005BE3720A30BA3F0BAAF15 /* SessionListView.swift in Sources */ = {isa = PBXBuildFile; fileRef = FF4BFC6EFA7688532B903A60 /* SessionListView.swift */; };
		712FF8A7FBAB52245EF4FE69 /* SystemConfiguration.framework in Frameworks */ = {isa = PBXBuildFile; fileRef = 32926C2503C4786B6E7470E5 /* SystemConfiguration.framework */; };
		7790A2C445ED2BEF03E2793A /* EmptyStateView.swift in Sources */ = {isa = PBXBuildFile; fileRef = 8E770B3FC40AE236B92ED90D /* EmptyStateView.swift */; };
		88722CC76441E32C7F945FF8 /* ConnectionTarget.swift in Sources */ = {isa = PBXBuildFile; fileRef = F319FEF5D66C2989ADE18ABB /* ConnectionTarget.swift */; };
		892368009648559273F14EBD /* DiscoveryView.swift in Sources */ = {isa = PBXBuildFile; fileRef = 58D9B391AA39FFADC5455F27 /* DiscoveryView.swift */; };
		933D2DA1E9B6C6E5AB2FFF62 /* claude_logo.png in Resources */ = {isa = PBXBuildFile; fileRef = 6722F7800D3DD91CC4B702D9 /* claude_logo.png */; };
		9893794F7BC2C4FB924211F5 /* SessionSidebarView.swift in Sources */ = {isa = PBXBuildFile; fileRef = 37A8DC657B23EDEB430740D6 /* SessionSidebarView.swift */; };
		9995A5EC4D482BBE4D87540E /* files.xcframework in Frameworks */ = {isa = PBXBuildFile; fileRef = 6F8D5D5D3883571972CF49BB /* files.xcframework */; };
		9B352806B4EE8C3AAA9EBEDA /* SSHSessionManager.swift in Sources */ = {isa = PBXBuildFile; fileRef = B9ED30BD3728D3E8A460846F /* SSHSessionManager.swift */; };
		9C224646F00FB80876BFFDF9 /* AccountView.swift in Sources */ = {isa = PBXBuildFile; fileRef = 9EDF64100F2497BE1CDC2AA3 /* AccountView.swift */; };
		A4DF7A491C32CA30D6918BB9 /* Network.framework in Frameworks */ = {isa = PBXBuildFile; fileRef = 0E92080D236C836E7B2E8654 /* Network.framework */; };
		AAD19EB82A1455D26A8A8A3D /* ios_system.xcframework in Frameworks */ = {isa = PBXBuildFile; fileRef = 6D710FE7F297DF95098054CD /* ios_system.xcframework */; };
		AD4880191448FA92D7DFD562 /* IosSystemBridge.m in Sources */ = {isa = PBXBuildFile; fileRef = 44A9300FD3A1B306A722622C /* IosSystemBridge.m */; };
		B0DA769059B71A8D1285346B /* text.xcframework in Frameworks */ = {isa = PBXBuildFile; fileRef = E91462B492C2C06EF0ED605A /* text.xcframework */; };
		B1F4CC85A49052BA591537AD /* DebugLog.swift in Sources */ = {isa = PBXBuildFile; fileRef = F932A03192F51D4A3717953F /* DebugLog.swift */; };
		B2B9543B494466528DCD490C /* CodexProtocol.swift in Sources */ = {isa = PBXBuildFile; fileRef = 69C3240906861F177E138233 /* CodexProtocol.swift */; };
		B513B1BE661D675558A6D642 /* claude_logo.svg in Resources */ = {isa = PBXBuildFile; fileRef = FA0B9452A1FB9F49E043D4AB /* claude_logo.svg */; };
		B5F77A5054833BEFD046AF7E /* ServerManager.swift in Sources */ = {isa = PBXBuildFile; fileRef = D1A90107592C82E75B491FC0 /* ServerManager.swift */; };
		B74807D3D5483D007DF900AD /* CodexBridge.swift in Sources */ = {isa = PBXBuildFile; fileRef = 627A1A1C2F231781DDCBD955 /* CodexBridge.swift */; };
		B9220D0AE2EA55652D509F53 /* ToolCallMessageParser.swift in Sources */ = {isa = PBXBuildFile; fileRef = 4952B41D4C7E17E6F4835859 /* ToolCallMessageParser.swift */; };
		BCA7FECDED3B16199997E65A /* SafariView.swift in Sources */ = {isa = PBXBuildFile; fileRef = 7CD6608AEBFE839181A55677 /* SafariView.swift */; };
		BD5E853EB907C73267C89916 /* Extensions.swift in Sources */ = {isa = PBXBuildFile; fileRef = 0F1137024DE72B8A1421517E /* Extensions.swift */; };
		C58A5E0F55BA4A8D38A4EE4D /* SSHLoginSheet.swift in Sources */ = {isa = PBXBuildFile; fileRef = B6136A0C87F0B56C0A02DB1A /* SSHLoginSheet.swift */; };
		C76E25159987D325BCFA92A5 /* shell.xcframework in Embed Frameworks */ = {isa = PBXBuildFile; fileRef = 0A6F0AE6FAB89FEA15EA110B /* shell.xcframework */; settings = {ATTRIBUTES = (CodeSignOnCopy, RemoveHeadersOnCopy, ); }; };
		CB9F9E4B51461C74DDBCEA08 /* AppState.swift in Sources */ = {isa = PBXBuildFile; fileRef = 0CE6EC8F984783F1E79ABDB8 /* AppState.swift */; };
		D1067A33F4676ED0DC747D30 /* RecentDirectoryStore.swift in Sources */ = {isa = PBXBuildFile; fileRef = 6BCC86EEFCACC4ACEFECA034 /* RecentDirectoryStore.swift */; };
		D30BFF75452E6258E8179F9F /* shell.xcframework in Frameworks */ = {isa = PBXBuildFile; fileRef = 0A6F0AE6FAB89FEA15EA110B /* shell.xcframework */; };
		D81685DFEAF53B57983864B6 /* openai_logo.png in Resources */ = {isa = PBXBuildFile; fileRef = 241D834AFCC51425212D1AD6 /* openai_logo.png */; };
		D8BD9CB1911B6BF8DDB2C6D9 /* ConversationView.swift in Sources */ = {isa = PBXBuildFile; fileRef = 4E64139D02ADB0FC5D46E830 /* ConversationView.swift */; };
		DAA825E15DDA87EC0F170CBB /* ThreadState.swift in Sources */ = {isa = PBXBuildFile; fileRef = 1DE3F637AD13230B4F11124F /* ThreadState.swift */; };
		DF0A50A2730B26EF35C02764 /* Assets.xcassets in Resources */ = {isa = PBXBuildFile; fileRef = 156A0315ADBA124973395BF6 /* Assets.xcassets */; };
		F2AEDA20DAC040F1095B3969 /* SkillsView.swift in Sources */ = {isa = PBXBuildFile; fileRef = BB0391F343AE584F1936349D /* SkillsView.swift */; };
		F600357B23EB1A200B03109B /* ToolCallCardView.swift in Sources */ = {isa = PBXBuildFile; fileRef = D9D37FBF689AC38275345B7C /* ToolCallCardView.swift */; };
		F78C2BB329E5ACB519C61973 /* Security.framework in Frameworks */ = {isa = PBXBuildFile; fileRef = 29DA73B483BF1FBDB842D9FE /* Security.framework */; };
		F8C2BA72CCDC8D38A6576DBB /* DirectoryPickerView.swift in Sources */ = {isa = PBXBuildFile; fileRef = D611CEAB52C1C9CE5A58A8A1 /* DirectoryPickerView.swift */; };
		F9A640CB7AAA052DE7EA1B35 /* text.xcframework in Embed Frameworks */ = {isa = PBXBuildFile; fileRef = E91462B492C2C06EF0ED605A /* text.xcframework */; settings = {ATTRIBUTES = (CodeSignOnCopy, RemoveHeadersOnCopy, ); }; };
		FDD6ECC12F2F148203859103 /* files.xcframework in Embed Frameworks */ = {isa = PBXBuildFile; fileRef = 6F8D5D5D3883571972CF49BB /* files.xcframework */; settings = {ATTRIBUTES = (CodeSignOnCopy, RemoveHeadersOnCopy, ); }; };
/* End PBXBuildFile section */

/* Begin PBXCopyFilesBuildPhase section */
		9C16621784F2D0AD77748122 /* Embed Frameworks */ = {
			isa = PBXCopyFilesBuildPhase;
			buildActionMask = 2147483647;
			dstPath = "";
			dstSubfolderSpec = 10;
			files = (
				4208084A55E0180027BB6229 /* ios_system.xcframework in Embed Frameworks */,
				C76E25159987D325BCFA92A5 /* shell.xcframework in Embed Frameworks */,
				F9A640CB7AAA052DE7EA1B35 /* text.xcframework in Embed Frameworks */,
				FDD6ECC12F2F148203859103 /* files.xcframework in Embed Frameworks */,
			);
			name = "Embed Frameworks";
			runOnlyForDeploymentPostprocessing = 0;
		};
/* End PBXCopyFilesBuildPhase section */

/* Begin PBXFileReference section */
		01B8A81A083AE7AAA5B97923 /* SettingsView.swift */ = {isa = PBXFileReference; lastKnownFileType = sourcecode.swift; path = SettingsView.swift; sourceTree = "<group>"; };
		0A6F0AE6FAB89FEA15EA110B /* shell.xcframework */ = {isa = PBXFileReference; lastKnownFileType = wrapper.xcframework; name = shell.xcframework; path = Frameworks/ios_system/shell.xcframework; sourceTree = "<group>"; };
		0CE6EC8F984783F1E79ABDB8 /* AppState.swift */ = {isa = PBXFileReference; lastKnownFileType = sourcecode.swift; path = AppState.swift; sourceTree = "<group>"; };
		0E92080D236C836E7B2E8654 /* Network.framework */ = {isa = PBXFileReference; lastKnownFileType = wrapper.framework; name = Network.framework; path = System/Library/Frameworks/Network.framework; sourceTree = SDKROOT; };
		0F1137024DE72B8A1421517E /* Extensions.swift */ = {isa = PBXFileReference; lastKnownFileType = sourcecode.swift; path = Extensions.swift; sourceTree = "<group>"; };
		141DEFEA139FB7E28950DE43 /* brand_logo.svg */ = {isa = PBXFileReference; path = brand_logo.svg; sourceTree = "<group>"; };
		156A0315ADBA124973395BF6 /* Assets.xcassets */ = {isa = PBXFileReference; lastKnownFileType = folder.assetcatalog; path = Assets.xcassets; sourceTree = "<group>"; };
		189ACAABF3A8C9ED0A0A5C9E /* brand_logo.png */ = {isa = PBXFileReference; lastKnownFileType = image.png; path = brand_logo.png; sourceTree = "<group>"; };
		1DE3F637AD13230B4F11124F /* ThreadState.swift */ = {isa = PBXFileReference; lastKnownFileType = sourcecode.swift; path = ThreadState.swift; sourceTree = "<group>"; };
		241D834AFCC51425212D1AD6 /* openai_logo.png */ = {isa = PBXFileReference; lastKnownFileType = image.png; path = openai_logo.png; sourceTree = "<group>"; };
		29DA73B483BF1FBDB842D9FE /* Security.framework */ = {isa = PBXFileReference; lastKnownFileType = wrapper.framework; name = Security.framework; path = System/Library/Frameworks/Security.framework; sourceTree = SDKROOT; };
		32926C2503C4786B6E7470E5 /* SystemConfiguration.framework */ = {isa = PBXFileReference; lastKnownFileType = wrapper.framework; name = SystemConfiguration.framework; path = System/Library/Frameworks/SystemConfiguration.framework; sourceTree = SDKROOT; };
		3362FD2593CFE037FFBBF041 /* ServerConnection.swift */ = {isa = PBXFileReference; lastKnownFileType = sourcecode.swift; path = ServerConnection.swift; sourceTree = "<group>"; };
		37A8DC657B23EDEB430740D6 /* SessionSidebarView.swift */ = {isa = PBXFileReference; lastKnownFileType = sourcecode.swift; path = SessionSidebarView.swift; sourceTree = "<group>"; };
		44A9300FD3A1B306A722622C /* IosSystemBridge.m */ = {isa = PBXFileReference; lastKnownFileType = sourcecode.c.objc; path = IosSystemBridge.m; sourceTree = "<group>"; };
		46D18ACB2BF7793F7C6C49AE /* BrandLogo.swift */ = {isa = PBXFileReference; lastKnownFileType = sourcecode.swift; path = BrandLogo.swift; sourceTree = "<group>"; };
		4952B41D4C7E17E6F4835859 /* ToolCallMessageParser.swift */ = {isa = PBXFileReference; lastKnownFileType = sourcecode.swift; path = ToolCallMessageParser.swift; sourceTree = "<group>"; };
		4E64139D02ADB0FC5D46E830 /* ConversationView.swift */ = {isa = PBXFileReference; lastKnownFileType = sourcecode.swift; path = ConversationView.swift; sourceTree = "<group>"; };
		58D9B391AA39FFADC5455F27 /* DiscoveryView.swift */ = {isa = PBXFileReference; lastKnownFileType = sourcecode.swift; path = DiscoveryView.swift; sourceTree = "<group>"; };
		627A1A1C2F231781DDCBD955 /* CodexBridge.swift */ = {isa = PBXFileReference; lastKnownFileType = sourcecode.swift; path = CodexBridge.swift; sourceTree = "<group>"; };
		6722F7800D3DD91CC4B702D9 /* claude_logo.png */ = {isa = PBXFileReference; lastKnownFileType = image.png; path = claude_logo.png; sourceTree = "<group>"; };
		69C3240906861F177E138233 /* CodexProtocol.swift */ = {isa = PBXFileReference; lastKnownFileType = sourcecode.swift; path = CodexProtocol.swift; sourceTree = "<group>"; };
		6BCC86EEFCACC4ACEFECA034 /* RecentDirectoryStore.swift */ = {isa = PBXFileReference; lastKnownFileType = sourcecode.swift; path = RecentDirectoryStore.swift; sourceTree = "<group>"; };
		6BD1A25E49C472B7DD198C8B /* NetworkDiscovery.swift */ = {isa = PBXFileReference; lastKnownFileType = sourcecode.swift; path = NetworkDiscovery.swift; sourceTree = "<group>"; };
		6D710FE7F297DF95098054CD /* ios_system.xcframework */ = {isa = PBXFileReference; lastKnownFileType = wrapper.xcframework; name = ios_system.xcframework; path = Frameworks/ios_system/ios_system.xcframework; sourceTree = "<group>"; };
		6F8D5D5D3883571972CF49BB /* files.xcframework */ = {isa = PBXFileReference; lastKnownFileType = wrapper.xcframework; name = files.xcframework; path = Frameworks/ios_system/files.xcframework; sourceTree = "<group>"; };
		70E115C6BEF8EBB39E9EF2B8 /* OnDeviceCodexFeature.swift */ = {isa = PBXFileReference; lastKnownFileType = sourcecode.swift; path = OnDeviceCodexFeature.swift; sourceTree = "<group>"; };
		74E7853C22ED375B391BCCA9 /* MessageBubbleView.swift */ = {isa = PBXFileReference; lastKnownFileType = sourcecode.swift; path = MessageBubbleView.swift; sourceTree = "<group>"; };
		7CD6608AEBFE839181A55677 /* SafariView.swift */ = {isa = PBXFileReference; lastKnownFileType = sourcecode.swift; path = SafariView.swift; sourceTree = "<group>"; };
		7EC8E12B877923F4BF571355 /* CodeBlockView.swift */ = {isa = PBXFileReference; lastKnownFileType = sourcecode.swift; path = CodeBlockView.swift; sourceTree = "<group>"; };
		8E770B3FC40AE236B92ED90D /* EmptyStateView.swift */ = {isa = PBXFileReference; lastKnownFileType = sourcecode.swift; path = EmptyStateView.swift; sourceTree = "<group>"; };
		96D8ACE16D5AB43F6E33AC03 /* Info.plist */ = {isa = PBXFileReference; lastKnownFileType = text.plist; path = Info.plist; sourceTree = "<group>"; };
		9A8AB8C417D832B55130C7F9 /* openai_logo.svg */ = {isa = PBXFileReference; path = openai_logo.svg; sourceTree = "<group>"; };
		9EDF64100F2497BE1CDC2AA3 /* AccountView.swift */ = {isa = PBXFileReference; lastKnownFileType = sourcecode.swift; path = AccountView.swift; sourceTree = "<group>"; };
		A4E4B6629D767023D419FB0B /* AppIcon.icon */ = {isa = PBXFileReference; path = AppIcon.icon; sourceTree = "<group>"; };
		A606381AC681FDBC906A1194 /* ChatTypes.swift */ = {isa = PBXFileReference; lastKnownFileType = sourcecode.swift; path = ChatTypes.swift; sourceTree = "<group>"; };
		AC52033AED0370F1C94E2179 /* HeaderView.swift */ = {isa = PBXFileReference; lastKnownFileType = sourcecode.swift; path = HeaderView.swift; sourceTree = "<group>"; };
		B6136A0C87F0B56C0A02DB1A /* SSHLoginSheet.swift */ = {isa = PBXFileReference; lastKnownFileType = sourcecode.swift; path = SSHLoginSheet.swift; sourceTree = "<group>"; };
		B6A949140CAF16FFEB9D07EF /* McpServersView.swift */ = {isa = PBXFileReference; lastKnownFileType = sourcecode.swift; path = McpServersView.swift; sourceTree = "<group>"; };
		B9ED30BD3728D3E8A460846F /* SSHSessionManager.swift */ = {isa = PBXFileReference; lastKnownFileType = sourcecode.swift; path = SSHSessionManager.swift; sourceTree = "<group>"; };
		BA96E16B1B879B79CCA1B9FD /* DiscoveredServer.swift */ = {isa = PBXFileReference; lastKnownFileType = sourcecode.swift; path = DiscoveredServer.swift; sourceTree = "<group>"; };
		BB0391F343AE584F1936349D /* SkillsView.swift */ = {isa = PBXFileReference; lastKnownFileType = sourcecode.swift; path = SkillsView.swift; sourceTree = "<group>"; };
		CB76E962598A65833C60C656 /* MocodeApp.swift */ = {isa = PBXFileReference; lastKnownFileType = sourcecode.swift; path = MocodeApp.swift; sourceTree = "<group>"; };
		D1A90107592C82E75B491FC0 /* ServerManager.swift */ = {isa = PBXFileReference; lastKnownFileType = sourcecode.swift; path = ServerManager.swift; sourceTree = "<group>"; };
		D611CEAB52C1C9CE5A58A8A1 /* DirectoryPickerView.swift */ = {isa = PBXFileReference; lastKnownFileType = sourcecode.swift; path = DirectoryPickerView.swift; sourceTree = "<group>"; };
		D93591E4A1DEA8CAFDEC044F /* JSONRPCClient.swift */ = {isa = PBXFileReference; lastKnownFileType = sourcecode.swift; path = JSONRPCClient.swift; sourceTree = "<group>"; };
		D9D37FBF689AC38275345B7C /* ToolCallCardView.swift */ = {isa = PBXFileReference; lastKnownFileType = sourcecode.swift; path = ToolCallCardView.swift; sourceTree = "<group>"; };
		E91462B492C2C06EF0ED605A /* text.xcframework */ = {isa = PBXFileReference; lastKnownFileType = wrapper.xcframework; name = text.xcframework; path = Frameworks/ios_system/text.xcframework; sourceTree = "<group>"; };
		F03BCF3FF9FFF8FE13F86389 /* Mocode.app */ = {isa = PBXFileReference; includeInIndex = 0; lastKnownFileType = wrapper.application; path = Mocode.app; sourceTree = BUILT_PRODUCTS_DIR; };
		F319FEF5D66C2989ADE18ABB /* ConnectionTarget.swift */ = {isa = PBXFileReference; lastKnownFileType = sourcecode.swift; path = ConnectionTarget.swift; sourceTree = "<group>"; };
		F932A03192F51D4A3717953F /* DebugLog.swift */ = {isa = PBXFileReference; lastKnownFileType = sourcecode.swift; path = DebugLog.swift; sourceTree = "<group>"; };
		FA0B9452A1FB9F49E043D4AB /* claude_logo.svg */ = {isa = PBXFileReference; path = claude_logo.svg; sourceTree = "<group>"; };
		FF4BFC6EFA7688532B903A60 /* SessionListView.swift */ = {isa = PBXFileReference; lastKnownFileType = sourcecode.swift; path = SessionListView.swift; sourceTree = "<group>"; };
/* End PBXFileReference section */

/* Begin PBXFrameworksBuildPhase section */
		6B4656E52B6C967EBEBFFC4D /* Frameworks */ = {
			isa = PBXFrameworksBuildPhase;
			buildActionMask = 2147483647;
			files = (
				F78C2BB329E5ACB519C61973 /* Security.framework in Frameworks */,
				712FF8A7FBAB52245EF4FE69 /* SystemConfiguration.framework in Frameworks */,
				A4DF7A491C32CA30D6918BB9 /* Network.framework in Frameworks */,
				31BB3975B1D1BE717D72E417 /* Citadel in Frameworks */,
				526334C2262390DFA3F774AD /* MarkdownUI in Frameworks */,
				0D15C34C303403FDD9674C2F /* Inject in Frameworks */,
				AAD19EB82A1455D26A8A8A3D /* ios_system.xcframework in Frameworks */,
				D30BFF75452E6258E8179F9F /* shell.xcframework in Frameworks */,
				B0DA769059B71A8D1285346B /* text.xcframework in Frameworks */,
				9995A5EC4D482BBE4D87540E /* files.xcframework in Frameworks */,
			);
			runOnlyForDeploymentPostprocessing = 0;
		};
/* End PBXFrameworksBuildPhase section */

/* Begin PBXGroup section */
		110DB57981AD0CFCD8F5A5B2 /* Frameworks */ = {
			isa = PBXGroup;
			children = (
				6F8D5D5D3883571972CF49BB /* files.xcframework */,
				6D710FE7F297DF95098054CD /* ios_system.xcframework */,
				0E92080D236C836E7B2E8654 /* Network.framework */,
				29DA73B483BF1FBDB842D9FE /* Security.framework */,
				0A6F0AE6FAB89FEA15EA110B /* shell.xcframework */,
				32926C2503C4786B6E7470E5 /* SystemConfiguration.framework */,
				E91462B492C2C06EF0ED605A /* text.xcframework */,
			);
			name = Frameworks;
			sourceTree = "<group>";
		};
		2F4504F899F2EB40136A0CAB /* Products */ = {
			isa = PBXGroup;
			children = (
				F03BCF3FF9FFF8FE13F86389 /* Mocode.app */,
			);
			name = Products;
			sourceTree = "<group>";
		};
		410CDEC2A5F5F6A073C676AF /* Resources */ = {
			isa = PBXGroup;
			children = (
				189ACAABF3A8C9ED0A0A5C9E /* brand_logo.png */,
				141DEFEA139FB7E28950DE43 /* brand_logo.svg */,
				6722F7800D3DD91CC4B702D9 /* claude_logo.png */,
				FA0B9452A1FB9F49E043D4AB /* claude_logo.svg */,
				241D834AFCC51425212D1AD6 /* openai_logo.png */,
				9A8AB8C417D832B55130C7F9 /* openai_logo.svg */,
			);
			path = Resources;
			sourceTree = "<group>";
		};
		6C609AA9D776809A56593A4E /* Mocode */ = {
			isa = PBXGroup;
			children = (
				A4E4B6629D767023D419FB0B /* AppIcon.icon */,
				156A0315ADBA124973395BF6 /* Assets.xcassets */,
				0F1137024DE72B8A1421517E /* Extensions.swift */,
				96D8ACE16D5AB43F6E33AC03 /* Info.plist */,
				CB76E962598A65833C60C656 /* MocodeApp.swift */,
				D9309359A0198B22B352F6F6 /* Bridge */,
				B05111BC9DC95580717B0FA4 /* Models */,
				410CDEC2A5F5F6A073C676AF /* Resources */,
				E29339175F693F1461F2AC1D /* Views */,
			);
			name = Mocode;
			path = Sources/Mocode;
			sourceTree = "<group>";
		};
		B05111BC9DC95580717B0FA4 /* Models */ = {
			isa = PBXGroup;
			children = (
				0CE6EC8F984783F1E79ABDB8 /* AppState.swift */,
				A606381AC681FDBC906A1194 /* ChatTypes.swift */,
				F319FEF5D66C2989ADE18ABB /* ConnectionTarget.swift */,
				F932A03192F51D4A3717953F /* DebugLog.swift */,
				BA96E16B1B879B79CCA1B9FD /* DiscoveredServer.swift */,
				6BD1A25E49C472B7DD198C8B /* NetworkDiscovery.swift */,
				70E115C6BEF8EBB39E9EF2B8 /* OnDeviceCodexFeature.swift */,
				6BCC86EEFCACC4ACEFECA034 /* RecentDirectoryStore.swift */,
				3362FD2593CFE037FFBBF041 /* ServerConnection.swift */,
				D1A90107592C82E75B491FC0 /* ServerManager.swift */,
				B9ED30BD3728D3E8A460846F /* SSHSessionManager.swift */,
				1DE3F637AD13230B4F11124F /* ThreadState.swift */,
			);
			path = Models;
			sourceTree = "<group>";
		};
		D9309359A0198B22B352F6F6 /* Bridge */ = {
			isa = PBXGroup;
			children = (
				627A1A1C2F231781DDCBD955 /* CodexBridge.swift */,
				69C3240906861F177E138233 /* CodexProtocol.swift */,
				44A9300FD3A1B306A722622C /* IosSystemBridge.m */,
				D93591E4A1DEA8CAFDEC044F /* JSONRPCClient.swift */,
			);
			path = Bridge;
			sourceTree = "<group>";
		};
		E29339175F693F1461F2AC1D /* Views */ = {
			isa = PBXGroup;
			children = (
				9EDF64100F2497BE1CDC2AA3 /* AccountView.swift */,
				46D18ACB2BF7793F7C6C49AE /* BrandLogo.swift */,
				7EC8E12B877923F4BF571355 /* CodeBlockView.swift */,
				4E64139D02ADB0FC5D46E830 /* ConversationView.swift */,
				D611CEAB52C1C9CE5A58A8A1 /* DirectoryPickerView.swift */,
				58D9B391AA39FFADC5455F27 /* DiscoveryView.swift */,
				8E770B3FC40AE236B92ED90D /* EmptyStateView.swift */,
				AC52033AED0370F1C94E2179 /* HeaderView.swift */,
				B6A949140CAF16FFEB9D07EF /* McpServersView.swift */,
				74E7853C22ED375B391BCCA9 /* MessageBubbleView.swift */,
				7CD6608AEBFE839181A55677 /* SafariView.swift */,
				FF4BFC6EFA7688532B903A60 /* SessionListView.swift */,
				37A8DC657B23EDEB430740D6 /* SessionSidebarView.swift */,
				01B8A81A083AE7AAA5B97923 /* SettingsView.swift */,
				BB0391F343AE584F1936349D /* SkillsView.swift */,
				B6136A0C87F0B56C0A02DB1A /* SSHLoginSheet.swift */,
				D9D37FBF689AC38275345B7C /* ToolCallCardView.swift */,
				4952B41D4C7E17E6F4835859 /* ToolCallMessageParser.swift */,
			);
			path = Views;
			sourceTree = "<group>";
		};
		FDAFBEF3C65C19DB25F12D21 = {
			isa = PBXGroup;
			children = (
				6C609AA9D776809A56593A4E /* Mocode */,
				110DB57981AD0CFCD8F5A5B2 /* Frameworks */,
				2F4504F899F2EB40136A0CAB /* Products */,
			);
			sourceTree = "<group>";
		};
/* End PBXGroup section */

/* Begin PBXNativeTarget section */
		B0B92E3AFFE63DAEA5D6AD8F /* Mocode */ = {
			isa = PBXNativeTarget;
			buildConfigurationList = A77456BDF2ED5E00D7294125 /* Build configuration list for PBXNativeTarget "Mocode" */;
			buildPhases = (
				62E468530A2A7A80726D1EFC /* Sources */,
				461C2DB8EBB993EF78960CFE /* Resources */,
				6B4656E52B6C967EBEBFFC4D /* Frameworks */,
				9C16621784F2D0AD77748122 /* Embed Frameworks */,
			);
			buildRules = (
			);
			dependencies = (
			);
			name = Mocode;
			packageProductDependencies = (
				EB28C8000DAA5D229763ED17 /* Citadel */,
				EB198AEF413C559E4C63CCC7 /* MarkdownUI */,
				40E28542C668A79FD577F4EE /* Inject */,
			);
			productName = Mocode;
			productReference = F03BCF3FF9FFF8FE13F86389 /* Mocode.app */;
			productType = "com.apple.product-type.application";
		};
/* End PBXNativeTarget section */

/* Begin PBXProject section */
		336B0EF81247209D21840559 /* Project object */ = {
			isa = PBXProject;
			attributes = {
				BuildIndependentTargetsInParallel = YES;
				LastUpgradeCheck = 1600;
			};
			buildConfigurationList = B296EE93D276D3BE75494476 /* Build configuration list for PBXProject "Mocode" */;
			compatibilityVersion = "Xcode 14.0";
			developmentRegion = en;
			hasScannedForEncodings = 0;
			knownRegions = (
				Base,
				en,
			);
			mainGroup = FDAFBEF3C65C19DB25F12D21;
			minimizedProjectReferenceProxies = 1;
			packageReferences = (
				D1CBD361938497E116EB455C /* XCRemoteSwiftPackageReference "Citadel" */,
				1269E58CFB1CEF8D9FCAB175 /* XCRemoteSwiftPackageReference "Inject" */,
				44FD8807B4202E4DB605ECA9 /* XCRemoteSwiftPackageReference "swift-markdown-ui" */,
			);
			preferredProjectObjectVersion = 77;
			projectDirPath = "";
			projectRoot = "";
			targets = (
				B0B92E3AFFE63DAEA5D6AD8F /* Mocode */,
			);
		};
/* End PBXProject section */

/* Begin PBXResourcesBuildPhase section */
		461C2DB8EBB993EF78960CFE /* Resources */ = {
			isa = PBXResourcesBuildPhase;
			buildActionMask = 2147483647;
			files = (
				6D500E538489D85E175850AA /* AppIcon.icon in Resources */,
				DF0A50A2730B26EF35C02764 /* Assets.xcassets in Resources */,
				4E960CE389734EDFF86FCC22 /* brand_logo.png in Resources */,
				0AFA67C30F02577AD0A9D193 /* brand_logo.svg in Resources */,
				933D2DA1E9B6C6E5AB2FFF62 /* claude_logo.png in Resources */,
				B513B1BE661D675558A6D642 /* claude_logo.svg in Resources */,
				D81685DFEAF53B57983864B6 /* openai_logo.png in Resources */,
				262FD98002C7F3F8E464A409 /* openai_logo.svg in Resources */,
			);
			runOnlyForDeploymentPostprocessing = 0;
		};
/* End PBXResourcesBuildPhase section */

/* Begin PBXSourcesBuildPhase section */
		62E468530A2A7A80726D1EFC /* Sources */ = {
			isa = PBXSourcesBuildPhase;
			buildActionMask = 2147483647;
			files = (
				9C224646F00FB80876BFFDF9 /* AccountView.swift in Sources */,
				CB9F9E4B51461C74DDBCEA08 /* AppState.swift in Sources */,
				2E8D1EAFEC87DC03C4533108 /* BrandLogo.swift in Sources */,
				0ABF64983250AE1E1AE20731 /* ChatTypes.swift in Sources */,
				01FC1C9E0D6BA4FA7D8AB2C0 /* CodeBlockView.swift in Sources */,
				B74807D3D5483D007DF900AD /* CodexBridge.swift in Sources */,
				B2B9543B494466528DCD490C /* CodexProtocol.swift in Sources */,
				88722CC76441E32C7F945FF8 /* ConnectionTarget.swift in Sources */,
				D8BD9CB1911B6BF8DDB2C6D9 /* ConversationView.swift in Sources */,
				B1F4CC85A49052BA591537AD /* DebugLog.swift in Sources */,
				F8C2BA72CCDC8D38A6576DBB /* DirectoryPickerView.swift in Sources */,
				0BEDB11B82815AFF9F660CE0 /* DiscoveredServer.swift in Sources */,
				892368009648559273F14EBD /* DiscoveryView.swift in Sources */,
				7790A2C445ED2BEF03E2793A /* EmptyStateView.swift in Sources */,
				BD5E853EB907C73267C89916 /* Extensions.swift in Sources */,
				28C996AE42E0BF9F827ABCFC /* HeaderView.swift in Sources */,
				AD4880191448FA92D7DFD562 /* IosSystemBridge.m in Sources */,
				6D8AD17A33E2C58EEC12BDBC /* JSONRPCClient.swift in Sources */,
				5EA788D8B983F6AC22782322 /* McpServersView.swift in Sources */,
				498C5D4C4A95655F4A74C10D /* MessageBubbleView.swift in Sources */,
				0D03211E5B3AD90FAF3D09D9 /* MocodeApp.swift in Sources */,
				61379AE672B9452001F1B274 /* NetworkDiscovery.swift in Sources */,
				28052F0B1B792FC90AB285CB /* OnDeviceCodexFeature.swift in Sources */,
				D1067A33F4676ED0DC747D30 /* RecentDirectoryStore.swift in Sources */,
				C58A5E0F55BA4A8D38A4EE4D /* SSHLoginSheet.swift in Sources */,
				9B352806B4EE8C3AAA9EBEDA /* SSHSessionManager.swift in Sources */,
				BCA7FECDED3B16199997E65A /* SafariView.swift in Sources */,
				295DE33FD5BCFDDEC0279754 /* ServerConnection.swift in Sources */,
				B5F77A5054833BEFD046AF7E /* ServerManager.swift in Sources */,
				7005BE3720A30BA3F0BAAF15 /* SessionListView.swift in Sources */,
				9893794F7BC2C4FB924211F5 /* SessionSidebarView.swift in Sources */,
				65A40DC9E590176533FFE302 /* SettingsView.swift in Sources */,
				F2AEDA20DAC040F1095B3969 /* SkillsView.swift in Sources */,
				DAA825E15DDA87EC0F170CBB /* ThreadState.swift in Sources */,
				F600357B23EB1A200B03109B /* ToolCallCardView.swift in Sources */,
				B9220D0AE2EA55652D509F53 /* ToolCallMessageParser.swift in Sources */,
			);
			runOnlyForDeploymentPostprocessing = 0;
		};
/* End PBXSourcesBuildPhase section */

/* Begin XCBuildConfiguration section */
		22FB7B03D60F5AF01BF3AB02 /* Release */ = {
			isa = XCBuildConfiguration;
			buildSettings = {
				ALWAYS_SEARCH_USER_PATHS = NO;
				CLANG_ANALYZER_NONNULL = YES;
				CLANG_ANALYZER_NUMBER_OBJECT_CONVERSION = YES_AGGRESSIVE;
				CLANG_CXX_LANGUAGE_STANDARD = "gnu++14";
				CLANG_CXX_LIBRARY = "libc++";
				CLANG_ENABLE_MODULES = YES;
				CLANG_ENABLE_OBJC_ARC = YES;
				CLANG_ENABLE_OBJC_WEAK = YES;
				CLANG_WARN_BLOCK_CAPTURE_AUTORELEASING = YES;
				CLANG_WARN_BOOL_CONVERSION = YES;
				CLANG_WARN_COMMA = YES;
				CLANG_WARN_CONSTANT_CONVERSION = YES;
				CLANG_WARN_DEPRECATED_OBJC_IMPLEMENTATIONS = YES;
				CLANG_WARN_DIRECT_OBJC_ISA_USAGE = YES_ERROR;
				CLANG_WARN_DOCUMENTATION_COMMENTS = YES;
				CLANG_WARN_EMPTY_BODY = YES;
				CLANG_WARN_ENUM_CONVERSION = YES;
				CLANG_WARN_INFINITE_RECURSION = YES;
				CLANG_WARN_INT_CONVERSION = YES;
				CLANG_WARN_NON_LITERAL_NULL_CONVERSION = YES;
				CLANG_WARN_OBJC_IMPLICIT_RETAIN_SELF = YES;
				CLANG_WARN_OBJC_LITERAL_CONVERSION = YES;
				CLANG_WARN_OBJC_ROOT_CLASS = YES_ERROR;
				CLANG_WARN_QUOTED_INCLUDE_IN_FRAMEWORK_HEADER = YES;
				CLANG_WARN_RANGE_LOOP_ANALYSIS = YES;
				CLANG_WARN_STRICT_PROTOTYPES = YES;
				CLANG_WARN_SUSPICIOUS_MOVE = YES;
				CLANG_WARN_UNGUARDED_AVAILABILITY = YES_AGGRESSIVE;
				CLANG_WARN_UNREACHABLE_CODE = YES;
				CLANG_WARN__DUPLICATE_METHOD_MATCH = YES;
				COPY_PHASE_STRIP = NO;
				DEBUG_INFORMATION_FORMAT = "dwarf-with-dsym";
				ENABLE_NS_ASSERTIONS = NO;
				ENABLE_STRICT_OBJC_MSGSEND = YES;
				GCC_C_LANGUAGE_STANDARD = gnu11;
				GCC_NO_COMMON_BLOCKS = YES;
				GCC_WARN_64_TO_32_BIT_CONVERSION = YES;
				GCC_WARN_ABOUT_RETURN_TYPE = YES_ERROR;
				GCC_WARN_UNDECLARED_SELECTOR = YES;
				GCC_WARN_UNINITIALIZED_AUTOS = YES_AGGRESSIVE;
				GCC_WARN_UNUSED_FUNCTION = YES;
				GCC_WARN_UNUSED_VARIABLE = YES;
				IPHONEOS_DEPLOYMENT_TARGET = 26.0;
				MTL_ENABLE_DEBUG_INFO = NO;
				MTL_FAST_MATH = YES;
				OTHER_LDFLAGS = "$(inherited) -lc++ -lz";
				PRODUCT_NAME = "$(TARGET_NAME)";
				SDKROOT = iphoneos;
				SWIFT_COMPILATION_MODE = wholemodule;
				SWIFT_OBJC_BRIDGING_HEADER = Sources/Mocode/Bridge/codex_bridge_objc.h;
				SWIFT_OPTIMIZATION_LEVEL = "-O";
				SWIFT_STRICT_CONCURRENCY = targeted;
				SWIFT_VERSION = 5.9;
			};
			name = Release;
		};
		41370DD5D932F3306FD5BA79 /* Debug */ = {
			isa = XCBuildConfiguration;
			buildSettings = {
				ALWAYS_SEARCH_USER_PATHS = NO;
				CLANG_ANALYZER_NONNULL = YES;
				CLANG_ANALYZER_NUMBER_OBJECT_CONVERSION = YES_AGGRESSIVE;
				CLANG_CXX_LANGUAGE_STANDARD = "gnu++14";
				CLANG_CXX_LIBRARY = "libc++";
				CLANG_ENABLE_MODULES = YES;
				CLANG_ENABLE_OBJC_ARC = YES;
				CLANG_ENABLE_OBJC_WEAK = YES;
				CLANG_WARN_BLOCK_CAPTURE_AUTORELEASING = YES;
				CLANG_WARN_BOOL_CONVERSION = YES;
				CLANG_WARN_COMMA = YES;
				CLANG_WARN_CONSTANT_CONVERSION = YES;
				CLANG_WARN_DEPRECATED_OBJC_IMPLEMENTATIONS = YES;
				CLANG_WARN_DIRECT_OBJC_ISA_USAGE = YES_ERROR;
				CLANG_WARN_DOCUMENTATION_COMMENTS = YES;
				CLANG_WARN_EMPTY_BODY = YES;
				CLANG_WARN_ENUM_CONVERSION = YES;
				CLANG_WARN_INFINITE_RECURSION = YES;
				CLANG_WARN_INT_CONVERSION = YES;
				CLANG_WARN_NON_LITERAL_NULL_CONVERSION = YES;
				CLANG_WARN_OBJC_IMPLICIT_RETAIN_SELF = YES;
				CLANG_WARN_OBJC_LITERAL_CONVERSION = YES;
				CLANG_WARN_OBJC_ROOT_CLASS = YES_ERROR;
				CLANG_WARN_QUOTED_INCLUDE_IN_FRAMEWORK_HEADER = YES;
				CLANG_WARN_RANGE_LOOP_ANALYSIS = YES;
				CLANG_WARN_STRICT_PROTOTYPES = YES;
				CLANG_WARN_SUSPICIOUS_MOVE = YES;
				CLANG_WARN_UNGUARDED_AVAILABILITY = YES_AGGRESSIVE;
				CLANG_WARN_UNREACHABLE_CODE = YES;
				CLANG_WARN__DUPLICATE_METHOD_MATCH = YES;
				COPY_PHASE_STRIP = NO;
				DEBUG_INFORMATION_FORMAT = dwarf;
				ENABLE_STRICT_OBJC_MSGSEND = YES;
				ENABLE_TESTABILITY = YES;
				GCC_C_LANGUAGE_STANDARD = gnu11;
				GCC_DYNAMIC_NO_PIC = NO;
				GCC_NO_COMMON_BLOCKS = YES;
				GCC_OPTIMIZATION_LEVEL = 0;
				GCC_PREPROCESSOR_DEFINITIONS = (
					"$(inherited)",
					"DEBUG=1",
				);
				GCC_WARN_64_TO_32_BIT_CONVERSION = YES;
				GCC_WARN_ABOUT_RETURN_TYPE = YES_ERROR;
				GCC_WARN_UNDECLARED_SELECTOR = YES;
				GCC_WARN_UNINITIALIZED_AUTOS = YES_AGGRESSIVE;
				GCC_WARN_UNUSED_FUNCTION = YES;
				GCC_WARN_UNUSED_VARIABLE = YES;
				IPHONEOS_DEPLOYMENT_TARGET = 26.0;
				MTL_ENABLE_DEBUG_INFO = INCLUDE_SOURCE;
				MTL_FAST_MATH = YES;
				ONLY_ACTIVE_ARCH = YES;
				OTHER_LDFLAGS = "$(inherited) -lc++ -lz";
				PRODUCT_NAME = "$(TARGET_NAME)";
				SDKROOT = iphoneos;
				SWIFT_ACTIVE_COMPILATION_CONDITIONS = DEBUG;
				SWIFT_OBJC_BRIDGING_HEADER = Sources/Mocode/Bridge/codex_bridge_objc.h;
				SWIFT_OPTIMIZATION_LEVEL = "-Onone";
				SWIFT_STRICT_CONCURRENCY = targeted;
				SWIFT_VERSION = 5.9;
			};
			name = Debug;
		};
		B96E76606850E081BC798408 /* Release */ = {
			isa = XCBuildConfiguration;
			buildSettings = {
				ASSETCATALOG_COMPILER_APPICON_NAME = AppIcon;
				CODE_SIGN_IDENTITY = "iPhone Developer";
				FRAMEWORK_SEARCH_PATHS = (
					"$(inherited)",
					"\"Frameworks/ios_system\"",
				);
				INFOPLIST_FILE = Sources/Mocode/Info.plist;
				IPHONEOS_DEPLOYMENT_TARGET = 26.0;
				LD_RUNPATH_SEARCH_PATHS = (
					"$(inherited)",
					"@executable_path/Frameworks",
				);
				PRODUCT_BUNDLE_IDENTIFIER = com.mocode.app;
				SDKROOT = iphoneos;
				SWIFT_ACTIVE_COMPILATION_CONDITIONS = "$(inherited) MOCODE_DISABLE_ON_DEVICE_CODEX";
				SWIFT_OBJC_BRIDGING_HEADER = Sources/Mocode/Bridge/codex_bridge_objc.h;
				TARGETED_DEVICE_FAMILY = "1,2";
			};
			name = Release;
		};
		E79A254122EF06037F06E8A9 /* Debug */ = {
			isa = XCBuildConfiguration;
			buildSettings = {
				ASSETCATALOG_COMPILER_APPICON_NAME = AppIcon;
				CODE_SIGN_IDENTITY = "iPhone Developer";
				FRAMEWORK_SEARCH_PATHS = (
					"$(inherited)",
					"\"Frameworks/ios_system\"",
				);
				INFOPLIST_FILE = Sources/Mocode/Info.plist;
				IPHONEOS_DEPLOYMENT_TARGET = 26.0;
				LD_RUNPATH_SEARCH_PATHS = (
					"$(inherited)",
					"@executable_path/Frameworks",
				);
				OTHER_LDFLAGS = "$(inherited) -lc++ -lz";
				PRODUCT_BUNDLE_IDENTIFIER = com.mocode.app;
				SDKROOT = iphoneos;
				SWIFT_ACTIVE_COMPILATION_CONDITIONS = "$(inherited) MOCODE_DISABLE_ON_DEVICE_CODEX";
				SWIFT_OBJC_BRIDGING_HEADER = Sources/Mocode/Bridge/codex_bridge_objc.h;
				TARGETED_DEVICE_FAMILY = "1,2";
			};
			name = Debug;
		};
/* End XCBuildConfiguration section */

/* Begin XCConfigurationList section */
		A77456BDF2ED5E00D7294125 /* Build configuration list for PBXNativeTarget "Mocode" */ = {
			isa = XCConfigurationList;
			buildConfigurations = (
				E79A254122EF06037F06E8A9 /* Debug */,
				B96E76606850E081BC798408 /* Release */,
			);
			defaultConfigurationIsVisible = 0;
			defaultConfigurationName = Debug;
		};
		B296EE93D276D3BE75494476 /* Build configuration list for PBXProject "Mocode" */ = {
			isa = XCConfigurationList;
			buildConfigurations = (
				41370DD5D932F3306FD5BA79 /* Debug */,
				22FB7B03D60F5AF01BF3AB02 /* Release */,
			);
			defaultConfigurationIsVisible = 0;
			defaultConfigurationName = Debug;
		};
/* End XCConfigurationList section */

/* Begin XCRemoteSwiftPackageReference section */
		1269E58CFB1CEF8D9FCAB175 /* XCRemoteSwiftPackageReference "Inject" */ = {
			isa = XCRemoteSwiftPackageReference;
			repositoryURL = "https://github.com/krzysztofzablocki/Inject";
			requirement = {
				kind = upToNextMajorVersion;
				minimumVersion = 1.5.2;
			};
		};
		44FD8807B4202E4DB605ECA9 /* XCRemoteSwiftPackageReference "swift-markdown-ui" */ = {
			isa = XCRemoteSwiftPackageReference;
			repositoryURL = "https://github.com/gonzalezreal/swift-markdown-ui";
			requirement = {
				kind = upToNextMajorVersion;
				minimumVersion = 2.4.0;
			};
		};
		D1CBD361938497E116EB455C /* XCRemoteSwiftPackageReference "Citadel" */ = {
			isa = XCRemoteSwiftPackageReference;
			repositoryURL = "https://github.com/orlandos-nl/Citadel";
			requirement = {
				kind = upToNextMajorVersion;
				minimumVersion = 0.8.0;
			};
		};
/* End XCRemoteSwiftPackageReference section */

/* Begin XCSwiftPackageProductDependency section */
		40E28542C668A79FD577F4EE /* Inject */ = {
			isa = XCSwiftPackageProductDependency;
			package = 1269E58CFB1CEF8D9FCAB175 /* XCRemoteSwiftPackageReference "Inject" */;
			productName = Inject;
		};
		EB198AEF413C559E4C63CCC7 /* MarkdownUI */ = {
			isa = XCSwiftPackageProductDependency;
			package = 44FD8807B4202E4DB605ECA9 /* XCRemoteSwiftPackageReference "swift-markdown-ui" */;
			productName = MarkdownUI;
		};
		EB28C8000DAA5D229763ED17 /* Citadel */ = {
			isa = XCSwiftPackageProductDependency;
			package = D1CBD361938497E116EB455C /* XCRemoteSwiftPackageReference "Citadel" */;
			productName = Citadel;
		};
/* End XCSwiftPackageProductDependency section */
	};
	rootObject = 336B0EF81247209D21840559 /* Project object */;
}
